
Microsoft Visual Studio Solution File, Format Version 12.00
# Visual Studio Version 16
VisualStudioVersion = 16.0.30611.23
MinimumVisualStudioVersion = 10.0.40219.1
Project("{FAE04EC0-301F-11D3-BF4B-00C04F79EFBC}") = "MVCProyectoPrestamo", "MVCProyectoPrestamo\MVCProyectoPrestamo.csproj", "{CBC83111-86B0-4397-BA37-FBBE1BCF4E02}"
EndProject
Global
	GlobalSection(SolutionConfigurationPlatforms) = preSolution
		Debug|Any CPU = Debug|Any CPU
		Release|Any CPU = Release|Any CPU
	EndGlobalSection
	GlobalSection(ProjectConfigurationPlatforms) = postSolution
		{CBC83111-86B0-4397-BA37-FBBE1BCF4E02}.Debug|Any CPU.ActiveCfg = Debug|Any CPU
		{CBC83111-86B0-4397-BA37-FBBE1BCF4E02}.Debug|Any CPU.Build.0 = Debug|Any CPU
		{CBC83111-86B0-4397-BA37-FBBE1BCF4E02}.Release|Any CPU.ActiveCfg = Release|Any CPU
		{CBC83111-86B0-4397-BA37-FBBE1BCF4E02}.Release|Any CPU.Build.0 = Release|Any CPU
	EndGlobalSection
	GlobalSection(SolutionProperties) = preSolution
		HideSolutionNode = FALSE
	EndGlobalSection
	GlobalSection(ExtensibilityGlobals) = postSolution
		SolutionGuid = {C07ED016-6420-42EB-8100-6A68B6300258}
	EndGlobalSection
EndGlobal
